
Microsoft Visual Studio Solution File, Format Version 12.00
# Visual Studio Version 16
VisualStudioVersion = 16.0.32428.217
MinimumVisualStudioVersion = 10.0.40219.1
Project("{FAE04EC0-301F-11D3-BF4B-00C04F79EFBC}") = "DIWithSameInterface", "DIWithSameInterface\DIWithSameInterface.csproj", "{A1C1F9AA-286D-4E54-8FE9-BF799317280A}"
EndProject
Global
	GlobalSection(SolutionConfigurationPlatforms) = preSolution
		Debug|Any CPU = Debug|Any CPU
		Release|Any CPU = Release|Any CPU
	EndGlobalSection
	GlobalSection(ProjectConfigurationPlatforms) = postSolution
		{A1C1F9AA-286D-4E54-8FE9-BF799317280A}.Debug|Any CPU.ActiveCfg = Debug|Any CPU
		{A1C1F9AA-286D-4E54-8FE9-BF799317280A}.Debug|Any CPU.Build.0 = Debug|Any CPU
		{A1C1F9AA-286D-4E54-8FE9-BF799317280A}.Release|Any CPU.ActiveCfg = Release|Any CPU
		{A1C1F9AA-286D-4E54-8FE9-BF799317280A}.Release|Any CPU.Build.0 = Release|Any CPU
	EndGlobalSection
	GlobalSection(SolutionProperties) = preSolution
		HideSolutionNode = FALSE
	EndGlobalSection
	GlobalSection(ExtensibilityGlobals) = postSolution
		SolutionGuid = {8B04E7B5-891D-4EAE-9FAC-FB50EEA8F804}
	EndGlobalSection
EndGlobal
